
Microsoft Visual Studio Solution File, Format Version 12.00
# Visual Studio Version 16
VisualStudioVersion = 16.0.31005.135
MinimumVisualStudioVersion = 10.0.40219.1
Project("{FAE04EC0-301F-11D3-BF4B-00C04F79EFBC}") = "Ejercicio3AnalisisGuia8", "Ejercicio3AnalisisGuia8\Ejercicio3AnalisisGuia8.csproj", "{C20C06CF-A745-4AD4-98AF-1785FE7DA277}"
EndProject
Global
	GlobalSection(SolutionConfigurationPlatforms) = preSolution
		Debug|Any CPU = Debug|Any CPU
		Release|Any CPU = Release|Any CPU
	EndGlobalSection
	GlobalSection(ProjectConfigurationPlatforms) = postSolution
		{C20C06CF-A745-4AD4-98AF-1785FE7DA277}.Debug|Any CPU.ActiveCfg = Debug|Any CPU
		{C20C06CF-A745-4AD4-98AF-1785FE7DA277}.Debug|Any CPU.Build.0 = Debug|Any CPU
		{C20C06CF-A745-4AD4-98AF-1785FE7DA277}.Release|Any CPU.ActiveCfg = Release|Any CPU
		{C20C06CF-A745-4AD4-98AF-1785FE7DA277}.Release|Any CPU.Build.0 = Release|Any CPU
	EndGlobalSection
	GlobalSection(SolutionProperties) = preSolution
		HideSolutionNode = FALSE
	EndGlobalSection
	GlobalSection(ExtensibilityGlobals) = postSolution
		SolutionGuid = {3D82F639-E2DE-4201-A473-AB3692EDF026}
	EndGlobalSection
EndGlobal
